{
    "version": 3,
    "terraform_version": "0.11.3",
    "serial": 8,
    "lineage": "bfac10e9-809d-4cb7-af83-0730c3e63af0",
    "modules": [
        {
            "path": [
                "root"
            ],
            "outputs": {},
            "resources": {
                "aws_internet_gateway.web_igw": {
                    "type": "aws_internet_gateway",
                    "depends_on": [
                        "aws_vpc.web_vpc"
                    ],
                    "primary": {
                        "id": "igw-0fb4c6b1b5c63db8c",
                        "attributes": {
                            "id": "igw-0fb4c6b1b5c63db8c",
                            "owner_id": "107241793456",
                            "tags.%": "0",
                            "vpc_id": "vpc-08aa01b480ed9082a"
                        },
                        "meta": {},
                        "tainted": false
                    },
                    "deposed": [],
                    "provider": "provider.aws"
                },
                "aws_route_table.public_rt": {
                    "type": "aws_route_table",
                    "depends_on": [
                        "aws_internet_gateway.web_igw",
                        "aws_vpc.web_vpc"
                    ],
                    "primary": {
                        "id": "rtb-0dca5449e3277c601",
                        "attributes": {
                            "id": "rtb-0dca5449e3277c601",
                            "owner_id": "107241793456",
                            "propagating_vgws.#": "0",
                            "route.#": "1",
                            "route.2588072121.cidr_block": "0.0.0.0/0",
                            "route.2588072121.egress_only_gateway_id": "",
                            "route.2588072121.gateway_id": "igw-0fb4c6b1b5c63db8c",
                            "route.2588072121.instance_id": "",
                            "route.2588072121.ipv6_cidr_block": "",
                            "route.2588072121.nat_gateway_id": "",
                            "route.2588072121.network_interface_id": "",
                            "route.2588072121.transit_gateway_id": "",
                            "route.2588072121.vpc_peering_connection_id": "",
                            "tags.%": "1",
                            "tags.Name": "Public Subnet Route Table",
                            "vpc_id": "vpc-08aa01b480ed9082a"
                        },
                        "meta": {},
                        "tainted": false
                    },
                    "deposed": [],
                    "provider": "provider.aws"
                },
                "aws_route_table_association.public_subnet_rta.0": {
                    "type": "aws_route_table_association",
                    "depends_on": [
                        "aws_route_table.public_rt",
                        "aws_subnet.public_subnet.*"
                    ],
                    "primary": {
                        "id": "rtbassoc-0a9661e3ba5578b92",
                        "attributes": {
                            "id": "rtbassoc-0a9661e3ba5578b92",
                            "route_table_id": "rtb-0dca5449e3277c601",
                            "subnet_id": "subnet-0dc1f139870df8e0f"
                        },
                        "meta": {},
                        "tainted": false
                    },
                    "deposed": [],
                    "provider": "provider.aws"
                },
                "aws_route_table_association.public_subnet_rta.1": {
                    "type": "aws_route_table_association",
                    "depends_on": [
                        "aws_route_table.public_rt",
                        "aws_subnet.public_subnet.*"
                    ],
                    "primary": {
                        "id": "rtbassoc-08b0f24ee355b9798",
                        "attributes": {
                            "id": "rtbassoc-08b0f24ee355b9798",
                            "route_table_id": "rtb-0dca5449e3277c601",
                            "subnet_id": "subnet-069d3a29f2fa8084a"
                        },
                        "meta": {},
                        "tainted": false
                    },
                    "deposed": [],
                    "provider": "provider.aws"
                },
                "aws_subnet.public_subnet.0": {
                    "type": "aws_subnet",
                    "depends_on": [
                        "aws_vpc.web_vpc"
                    ],
                    "primary": {
                        "id": "subnet-0dc1f139870df8e0f",
                        "attributes": {
                            "arn": "arn:aws:ec2:us-west-2:107241793456:subnet/subnet-0dc1f139870df8e0f",
                            "assign_ipv6_address_on_creation": "false",
                            "availability_zone": "us-west-2a",
                            "availability_zone_id": "usw2-az1",
                            "cidr_block": "192.168.100.128/26",
                            "id": "subnet-0dc1f139870df8e0f",
                            "ipv6_cidr_block": "",
                            "ipv6_cidr_block_association_id": "",
                            "map_public_ip_on_launch": "false",
                            "owner_id": "107241793456",
                            "tags.%": "1",
                            "tags.Name": "Public Subnet 1",
                            "vpc_id": "vpc-08aa01b480ed9082a"
                        },
                        "meta": {
                            "e2bfb730-ecaa-11e6-8f88-34363bc7c4c0": {
                                "create": 600000000000,
                                "delete": 600000000000
                            },
                            "schema_version": "1"
                        },
                        "tainted": false
                    },
                    "deposed": [],
                    "provider": "provider.aws"
                },
                "aws_subnet.public_subnet.1": {
                    "type": "aws_subnet",
                    "depends_on": [
                        "aws_vpc.web_vpc"
                    ],
                    "primary": {
                        "id": "subnet-069d3a29f2fa8084a",
                        "attributes": {
                            "arn": "arn:aws:ec2:us-west-2:107241793456:subnet/subnet-069d3a29f2fa8084a",
                            "assign_ipv6_address_on_creation": "false",
                            "availability_zone": "us-west-2b",
                            "availability_zone_id": "usw2-az2",
                            "cidr_block": "192.168.100.192/26",
                            "id": "subnet-069d3a29f2fa8084a",
                            "ipv6_cidr_block": "",
                            "ipv6_cidr_block_association_id": "",
                            "map_public_ip_on_launch": "false",
                            "owner_id": "107241793456",
                            "tags.%": "1",
                            "tags.Name": "Public Subnet 2",
                            "vpc_id": "vpc-08aa01b480ed9082a"
                        },
                        "meta": {
                            "e2bfb730-ecaa-11e6-8f88-34363bc7c4c0": {
                                "create": 600000000000,
                                "delete": 600000000000
                            },
                            "schema_version": "1"
                        },
                        "tainted": false
                    },
                    "deposed": [],
                    "provider": "provider.aws"
                },
                "aws_subnet.web_subnet.0": {
                    "type": "aws_subnet",
                    "depends_on": [
                        "aws_vpc.web_vpc"
                    ],
                    "primary": {
                        "id": "subnet-0659b79dbcae1467b",
                        "attributes": {
                            "arn": "arn:aws:ec2:us-west-2:107241793456:subnet/subnet-0659b79dbcae1467b",
                            "assign_ipv6_address_on_creation": "false",
                            "availability_zone": "us-west-2a",
                            "availability_zone_id": "usw2-az1",
                            "cidr_block": "192.168.100.0/26",
                            "id": "subnet-0659b79dbcae1467b",
                            "ipv6_cidr_block": "",
                            "ipv6_cidr_block_association_id": "",
                            "map_public_ip_on_launch": "false",
                            "owner_id": "107241793456",
                            "tags.%": "1",
                            "tags.Name": "Web Subnet 1",
                            "vpc_id": "vpc-08aa01b480ed9082a"
                        },
                        "meta": {
                            "e2bfb730-ecaa-11e6-8f88-34363bc7c4c0": {
                                "create": 600000000000,
                                "delete": 600000000000
                            },
                            "schema_version": "1"
                        },
                        "tainted": false
                    },
                    "deposed": [],
                    "provider": "provider.aws"
                },
                "aws_subnet.web_subnet.1": {
                    "type": "aws_subnet",
                    "depends_on": [
                        "aws_vpc.web_vpc"
                    ],
                    "primary": {
                        "id": "subnet-0a709789fddadd38c",
                        "attributes": {
                            "arn": "arn:aws:ec2:us-west-2:107241793456:subnet/subnet-0a709789fddadd38c",
                            "assign_ipv6_address_on_creation": "false",
                            "availability_zone": "us-west-2b",
                            "availability_zone_id": "usw2-az2",
                            "cidr_block": "192.168.100.64/26",
                            "id": "subnet-0a709789fddadd38c",
                            "ipv6_cidr_block": "",
                            "ipv6_cidr_block_association_id": "",
                            "map_public_ip_on_launch": "false",
                            "owner_id": "107241793456",
                            "tags.%": "1",
                            "tags.Name": "Web Subnet 2",
                            "vpc_id": "vpc-08aa01b480ed9082a"
                        },
                        "meta": {
                            "e2bfb730-ecaa-11e6-8f88-34363bc7c4c0": {
                                "create": 600000000000,
                                "delete": 600000000000
                            },
                            "schema_version": "1"
                        },
                        "tainted": false
                    },
                    "deposed": [],
                    "provider": "provider.aws"
                },
                "aws_vpc.web_vpc": {
                    "type": "aws_vpc",
                    "depends_on": [],
                    "primary": {
                        "id": "vpc-08aa01b480ed9082a",
                        "attributes": {
                            "arn": "arn:aws:ec2:us-west-2:107241793456:vpc/vpc-08aa01b480ed9082a",
                            "assign_generated_ipv6_cidr_block": "false",
                            "cidr_block": "192.168.100.0/24",
                            "default_network_acl_id": "acl-01a50415f3ee87524",
                            "default_route_table_id": "rtb-0186be18d5730d2b9",
                            "default_security_group_id": "sg-0ee6608c27cd3500f",
                            "dhcp_options_id": "dopt-0c2ab6c01c2af6c57",
                            "enable_classiclink": "false",
                            "enable_classiclink_dns_support": "false",
                            "enable_dns_hostnames": "true",
                            "enable_dns_support": "true",
                            "id": "vpc-08aa01b480ed9082a",
                            "instance_tenancy": "default",
                            "ipv6_association_id": "",
                            "ipv6_cidr_block": "",
                            "main_route_table_id": "rtb-0186be18d5730d2b9",
                            "owner_id": "107241793456",
                            "tags.%": "1",
                            "tags.Name": "Web VPC"
                        },
                        "meta": {
                            "schema_version": "1"
                        },
                        "tainted": false
                    },
                    "deposed": [],
                    "provider": "provider.aws"
                }
            },
            "depends_on": []
        }
    ]
}
